
Microsoft Visual Studio Solution File, Format Version 12.00
# Visual Studio Version 16
VisualStudioVersion = 16.0.30011.22
MinimumVisualStudioVersion = 10.0.40219.1
Project("{FAE04EC0-301F-11D3-BF4B-00C04F79EFBC}") = "Tickets", "Tickets\Tickets.csproj", "{DC9C7EDB-CC5B-4DC6-AC5C-44780D3EA737}"
EndProject
Global
	GlobalSection(SolutionConfigurationPlatforms) = preSolution
		Debug|Any CPU = Debug|Any CPU
		Release|Any CPU = Release|Any CPU
	EndGlobalSection
	GlobalSection(ProjectConfigurationPlatforms) = postSolution
		{DC9C7EDB-CC5B-4DC6-AC5C-44780D3EA737}.Debug|Any CPU.ActiveCfg = Debug|Any CPU
		{DC9C7EDB-CC5B-4DC6-AC5C-44780D3EA737}.Debug|Any CPU.Build.0 = Debug|Any CPU
		{DC9C7EDB-CC5B-4DC6-AC5C-44780D3EA737}.Release|Any CPU.ActiveCfg = Release|Any CPU
		{DC9C7EDB-CC5B-4DC6-AC5C-44780D3EA737}.Release|Any CPU.Build.0 = Release|Any CPU
	EndGlobalSection
	GlobalSection(SolutionProperties) = preSolution
		HideSolutionNode = FALSE
	EndGlobalSection
	GlobalSection(ExtensibilityGlobals) = postSolution
		SolutionGuid = {CD4C0352-F866-43A2-9BF6-2776C93E4BFC}
	EndGlobalSection
EndGlobal
