
Microsoft Visual Studio Solution File, Format Version 12.00
# Visual Studio Version 16
VisualStudioVersion = 16.0.30011.22
MinimumVisualStudioVersion = 10.0.40219.1
Project("{FAE04EC0-301F-11D3-BF4B-00C04F79EFBC}") = "ExamApp", "ExamApp\ExamApp.csproj", "{CA91013C-FCB3-4976-8A9F-91DDD49968F3}"
EndProject
Project("{FAE04EC0-301F-11D3-BF4B-00C04F79EFBC}") = "CSVReader", "CSVReader\CSVReader.csproj", "{64494EA4-64BC-48FC-A76C-85DD9F157227}"
EndProject
Project("{FAE04EC0-301F-11D3-BF4B-00C04F79EFBC}") = "LOIMExamGenerator", "LOIMExamGenerator\LOIMExamGenerator.csproj", "{DEBDFB49-227B-4F68-BD94-530E74B7F85F}"
EndProject
Global
	GlobalSection(SolutionConfigurationPlatforms) = preSolution
		Debug|Any CPU = Debug|Any CPU
		Release|Any CPU = Release|Any CPU
	EndGlobalSection
	GlobalSection(ProjectConfigurationPlatforms) = postSolution
		{CA91013C-FCB3-4976-8A9F-91DDD49968F3}.Debug|Any CPU.ActiveCfg = Debug|Any CPU
		{CA91013C-FCB3-4976-8A9F-91DDD49968F3}.Debug|Any CPU.Build.0 = Debug|Any CPU
		{CA91013C-FCB3-4976-8A9F-91DDD49968F3}.Release|Any CPU.ActiveCfg = Release|Any CPU
		{CA91013C-FCB3-4976-8A9F-91DDD49968F3}.Release|Any CPU.Build.0 = Release|Any CPU
		{64494EA4-64BC-48FC-A76C-85DD9F157227}.Debug|Any CPU.ActiveCfg = Debug|Any CPU
		{64494EA4-64BC-48FC-A76C-85DD9F157227}.Debug|Any CPU.Build.0 = Debug|Any CPU
		{64494EA4-64BC-48FC-A76C-85DD9F157227}.Release|Any CPU.ActiveCfg = Release|Any CPU
		{64494EA4-64BC-48FC-A76C-85DD9F157227}.Release|Any CPU.Build.0 = Release|Any CPU
		{DEBDFB49-227B-4F68-BD94-530E74B7F85F}.Debug|Any CPU.ActiveCfg = Debug|Any CPU
		{DEBDFB49-227B-4F68-BD94-530E74B7F85F}.Debug|Any CPU.Build.0 = Debug|Any CPU
		{DEBDFB49-227B-4F68-BD94-530E74B7F85F}.Release|Any CPU.ActiveCfg = Release|Any CPU
		{DEBDFB49-227B-4F68-BD94-530E74B7F85F}.Release|Any CPU.Build.0 = Release|Any CPU
	EndGlobalSection
	GlobalSection(SolutionProperties) = preSolution
		HideSolutionNode = FALSE
	EndGlobalSection
	GlobalSection(ExtensibilityGlobals) = postSolution
		SolutionGuid = {A0F6079F-E236-4AA1-AC05-7CA4D2B8BBDE}
	EndGlobalSection
EndGlobal
